{
  "lock_version": 3,
  "packages": [
    {
      "content_sha256": "a0891a331fec1fa0e6dd4e9638ba0e22e4b95a6d0cb534e92c317fc9d8a857d2",
      "manifest": "engine/mort.toml",
      "name": "engine",
      "sha256": "5f9a31c6bcf8984b658d2b0e375d2f50e9c2400f2d58c5f3acc9eae63b72af2d",
      "version": "0.1.0"
    }
  ]
}
