{
  "lock_version": 3,
  "packages": [
    {
      "content_sha256": "9640099f67f0e8f6d28d3c7ef7609c863712e15bce27a1f06b774bb5fcfc5117",
      "manifest": "engine/mort.toml",
      "name": "engine",
      "sha256": "5f9a31c6bcf8984b658d2b0e375d2f50e9c2400f2d58c5f3acc9eae63b72af2d",
      "version": "0.1.0"
    }
  ]
}
