{
  "lock_version": 3,
  "packages": [
    {
      "content_sha256": "57bb79d79a0da16d2f56cce8b3bd8638e5dafcec28ffac5770d47f74b9147d13",
      "manifest": "../engine/mort.toml",
      "name": "engine",
      "sha256": "5f9a31c6bcf8984b658d2b0e375d2f50e9c2400f2d58c5f3acc9eae63b72af2d",
      "version": "0.1.0"
    }
  ]
}
