{
  "lock_version": 3,
  "packages": [
    {
      "content_sha256": "24f7b4350334dccc7e2da622129d786b128a577e91dfa282a61cf9fe14ca821d",
      "manifest": "../engine/mort.toml",
      "name": "engine",
      "sha256": "5f9a31c6bcf8984b658d2b0e375d2f50e9c2400f2d58c5f3acc9eae63b72af2d",
      "version": "0.1.0"
    }
  ]
}
