{
  "lock_version": 3,
  "packages": [
    {
      "content_sha256": "27eabdeee195276b9eec8da01c53e609ae31a0f0c01581e84d69f9f89c7b8253",
      "manifest": "../engine/mort.toml",
      "name": "engine",
      "sha256": "5f9a31c6bcf8984b658d2b0e375d2f50e9c2400f2d58c5f3acc9eae63b72af2d",
      "version": "0.1.0"
    }
  ]
}
