{
  "lock_version": 3,
  "packages": [
    {
      "content_sha256": "b745f7bced08744cc277dc8b577050d73127930fa800ac8b6c46741c44ed2ae5",
      "manifest": "../engine/mort.toml",
      "name": "engine",
      "sha256": "5f9a31c6bcf8984b658d2b0e375d2f50e9c2400f2d58c5f3acc9eae63b72af2d",
      "version": "0.1.0"
    }
  ]
}
