{
  "lock_version": 3,
  "packages": [
    {
      "content_sha256": "8ca655edfee40dfe839fd934b9071395c3c0ece458c2f6a8ce6b54c224c45ec4",
      "manifest": "../engine/mort.toml",
      "name": "engine",
      "sha256": "5f9a31c6bcf8984b658d2b0e375d2f50e9c2400f2d58c5f3acc9eae63b72af2d",
      "version": "0.1.0"
    }
  ]
}
